{
  "nodes": {
    "flake-utils": {
      "locked": {
        "lastModified": 1644229661,
        "narHash": "sha256-1YdnJAsNy69bpcjuoKdOYQX0YxZBiCYZo4Twxerqv7k=",
        "owner": "numtide",
        "repo": "flake-utils",
        "rev": "3cecb5b042f7f209c56ffd8371b2711a290ec797",
        "type": "github"
      },
      "original": {
        "owner": "numtide",
        "repo": "flake-utils",
        "type": "github"
      }
    },
    "flake-utils-plus": {
      "inputs": {
        "flake-utils": "flake-utils"
      },
      "locked": {
        "lastModified": 1657226504,
        "narHash": "sha256-GIYNjuq4mJlFgqKsZ+YrgzWm0IpA4axA3MCrdKYj7gs=",
        "owner": "gytis-ivaskevicius",
        "repo": "flake-utils-plus",
        "rev": "2bf0f91643c2e5ae38c1b26893ac2927ac9bd82a",
        "type": "github"
      },
      "original": {
        "owner": "gytis-ivaskevicius",
        "repo": "flake-utils-plus",
        "type": "github"
      }
    },
    "nixpkgs": {
      "locked": {
        "lastModified": 1666488099,
        "narHash": "sha256-DANs2epN5QgvxWzH7xF3dzb4WE0lEuMLrMEu/vPmQxw=",
        "owner": "nixos",
        "repo": "nixpkgs",
        "rev": "f9115594149ebcb409a42e303bec4956814a8419",
        "type": "github"
      },
      "original": {
        "owner": "nixos",
        "ref": "release-22.05",
        "repo": "nixpkgs",
        "type": "github"
      }
    },
    "root": {
      "inputs": {
        "flake-utils-plus": "flake-utils-plus",
        "nixpkgs": "nixpkgs",
        "theme": "theme"
      }
    },
    "theme": {
      "flake": false,
      "locked": {
        "lastModified": 1553934443,
        "narHash": "sha256-SyxgzfPNcZSxFo7ucV0Ghb0VEq5E7w+HDgJdTE1hB+c=",
        "owner": "mobybit",
        "repo": "hugo-natrium-theme",
        "rev": "c0906c9ec0878985af4cd86b0b083c5b8f1f78df",
        "type": "github"
      },
      "original": {
        "owner": "mobybit",
        "repo": "hugo-natrium-theme",
        "type": "github"
      }
    }
  },
  "root": "root",
  "version": 7
}
